{
  "nodes": {
    "brew-src": {
      "flake": false,
      "locked": {
        "lastModified": 1763638478,
        "narHash": "sha256-n/IMowE9S23ovmTkKX7KhxXC2Yq41EAVFR2FBIXPcT8=",
        "owner": "Homebrew",
        "repo": "brew",
        "rev": "fbfdbaba008189499958a7aeb1e2c36ab10c067d",
        "type": "github"
      },
      "original": {
        "owner": "Homebrew",
        "ref": "5.0.3",
        "repo": "brew",
        "type": "github"
      }
    },
    "home-manager": {
      "inputs": {
        "nixpkgs": [
          "nixpkgs"
        ]
      },
      "locked": {
        "lastModified": 1766553851,
        "narHash": "sha256-hHKQhHkXxuPJwLkI8wdu826GLV5AcuW9/HVdc9eBnTU=",
        "owner": "nix-community",
        "repo": "home-manager",
        "rev": "7eca7f7081036a7b740090994c9ec543927f89a7",
        "type": "github"
      },
      "original": {
        "owner": "nix-community",
        "ref": "master",
        "repo": "home-manager",
        "type": "github"
      }
    },
    "homebrew-cask": {
      "flake": false,
      "locked": {
        "lastModified": 1766679835,
        "narHash": "sha256-npVqAlu0dH9FeBP3uAVwp4cGmj48zpUvCD+Kc2fG65o=",
        "owner": "homebrew",
        "repo": "homebrew-cask",
        "rev": "8df161581f40689bc69bbcba1cf8787d9ac17550",
        "type": "github"
      },
      "original": {
        "owner": "homebrew",
        "repo": "homebrew-cask",
        "type": "github"
      }
    },
    "homebrew-core": {
      "flake": false,
      "locked": {
        "lastModified": 1766679859,
        "narHash": "sha256-spypXAZr8MpFUcwsiRjTBY5WmSXQ2cmOZvPb6OnjnrQ=",
        "owner": "homebrew",
        "repo": "homebrew-core",
        "rev": "ed73960f32ec668fdee1907d32deedea154a5e8c",
        "type": "github"
      },
      "original": {
        "owner": "homebrew",
        "repo": "homebrew-core",
        "type": "github"
      }
    },
    "nix-darwin": {
      "inputs": {
        "nixpkgs": [
          "nixpkgs"
        ]
      },
      "locked": {
        "lastModified": 1766524813,
        "narHash": "sha256-N/sxS27+t9nGvGWqwwAceSMW/Y5ddcypS/aiTnZ7ScA=",
        "owner": "LnL7",
        "repo": "nix-darwin",
        "rev": "c2b36207f2c396c79dbed9d40536db221bd4e363",
        "type": "github"
      },
      "original": {
        "owner": "LnL7",
        "ref": "master",
        "repo": "nix-darwin",
        "type": "github"
      }
    },
    "nix-homebrew": {
      "inputs": {
        "brew-src": "brew-src"
      },
      "locked": {
        "lastModified": 1764473698,
        "narHash": "sha256-C91gPgv6udN5WuIZWNehp8qdLqlrzX6iF/YyboOj6XI=",
        "owner": "zhaofengli",
        "repo": "nix-homebrew",
        "rev": "6a8ab60bfd66154feeaa1021fc3b32684814a62a",
        "type": "github"
      },
      "original": {
        "owner": "zhaofengli",
        "repo": "nix-homebrew",
        "type": "github"
      }
    },
    "nixpkgs": {
      "locked": {
        "lastModified": 1766624085,
        "narHash": "sha256-ruzNOGQR0HKynAarKRhAYwIZc79IkDqui4ovQmkZPQI=",
        "owner": "NixOS",
        "repo": "nixpkgs",
        "rev": "b72f284b1be41575c3e36cd777a191c29a7adf6a",
        "type": "github"
      },
      "original": {
        "owner": "NixOS",
        "ref": "nixpkgs-unstable",
        "repo": "nixpkgs",
        "type": "github"
      }
    },
    "root": {
      "inputs": {
        "home-manager": "home-manager",
        "homebrew-cask": "homebrew-cask",
        "homebrew-core": "homebrew-core",
        "nix-darwin": "nix-darwin",
        "nix-homebrew": "nix-homebrew",
        "nixpkgs": "nixpkgs"
      }
    }
  },
  "root": "root",
  "version": 7
}
